
Microsoft Visual Studio Solution File, Format Version 12.00
# Visual Studio Version 17
VisualStudioVersion = 17.11.35327.3
MinimumVisualStudioVersion = 10.0.40219.1
Project("{9A19103F-16F7-4668-BE54-9A1E7A4F7556}") = "Paqueteria.UI", "Paqueteria.UI\Paqueteria.UI.csproj", "{157C32F2-C247-4EE3-9D5C-2D204C75BBFC}"
EndProject
Project("{9A19103F-16F7-4668-BE54-9A1E7A4F7556}") = "Paqueteria.DLL", "Paqueteria.DLL\Paqueteria.DLL.csproj", "{1D310781-F7C9-4965-9F45-A31BF6FDD914}"
EndProject
Project("{9A19103F-16F7-4668-BE54-9A1E7A4F7556}") = "Paqueteria.DB", "Paqueteria.DB\Paqueteria.DB.csproj", "{BE1C9750-C86F-42FC-A52B-AA751BB04144}"
EndProject
Project("{9A19103F-16F7-4668-BE54-9A1E7A4F7556}") = "Paqueteria.UC", "Paqueteria.UC\Paqueteria.UC.csproj", "{2D720AE3-BDF3-49C6-AFCE-B0140CC6A109}"
EndProject
Project("{9A19103F-16F7-4668-BE54-9A1E7A4F7556}") = "frmInicioSesion", "frmInicioSesion\frmInicioSesion.csproj", "{1170C901-D249-4750-996D-620049280DA5}"
EndProject
Project("{9A19103F-16F7-4668-BE54-9A1E7A4F7556}") = "frmRegistroPaqueteDevolucion", "FrmRegistroPaqueteDevolucion\frmRegistroPaqueteDevolucion.csproj", "{C279FC4C-EDB9-4C6F-B09D-D95E1AD760C6}"
EndProject
Project("{9A19103F-16F7-4668-BE54-9A1E7A4F7556}") = "frmAgregarUsuario", "frmAgregarUsuario\frmAgregarUsuario.csproj", "{C7843390-462A-4AA2-A136-BBF183848BA8}"
EndProject
Project("{FAE04EC0-301F-11D3-BF4B-00C04F79EFBC}") = "frmInventarioLlegada", "frmInventarioLlegada\frmInventarioLlegada.csproj", "{38D73E63-D3B8-4CE3-96ED-D1BEEA952BBC}"
EndProject
Project("{FAE04EC0-301F-11D3-BF4B-00C04F79EFBC}") = "frmPaquetes", "frmPaquetes\frmPaquetes.csproj", "{3A0877E7-0C11-4FCD-9C7E-DD91CAA0487D}"
EndProject
Project("{FAE04EC0-301F-11D3-BF4B-00C04F79EFBC}") = "frmRuta", "frmRuta\frmRuta.csproj", "{3150B71F-14DE-4C4B-A32E-17A11E12304D}"
EndProject
Global
	GlobalSection(SolutionConfigurationPlatforms) = preSolution
		Debug|Any CPU = Debug|Any CPU
		Release|Any CPU = Release|Any CPU
	EndGlobalSection
	GlobalSection(ProjectConfigurationPlatforms) = postSolution
		{157C32F2-C247-4EE3-9D5C-2D204C75BBFC}.Debug|Any CPU.ActiveCfg = Debug|Any CPU
		{157C32F2-C247-4EE3-9D5C-2D204C75BBFC}.Debug|Any CPU.Build.0 = Debug|Any CPU
		{157C32F2-C247-4EE3-9D5C-2D204C75BBFC}.Release|Any CPU.ActiveCfg = Release|Any CPU
		{157C32F2-C247-4EE3-9D5C-2D204C75BBFC}.Release|Any CPU.Build.0 = Release|Any CPU
		{1D310781-F7C9-4965-9F45-A31BF6FDD914}.Debug|Any CPU.ActiveCfg = Debug|Any CPU
		{1D310781-F7C9-4965-9F45-A31BF6FDD914}.Debug|Any CPU.Build.0 = Debug|Any CPU
		{1D310781-F7C9-4965-9F45-A31BF6FDD914}.Release|Any CPU.ActiveCfg = Release|Any CPU
		{1D310781-F7C9-4965-9F45-A31BF6FDD914}.Release|Any CPU.Build.0 = Release|Any CPU
		{BE1C9750-C86F-42FC-A52B-AA751BB04144}.Debug|Any CPU.ActiveCfg = Debug|Any CPU
		{BE1C9750-C86F-42FC-A52B-AA751BB04144}.Debug|Any CPU.Build.0 = Debug|Any CPU
		{BE1C9750-C86F-42FC-A52B-AA751BB04144}.Release|Any CPU.ActiveCfg = Release|Any CPU
		{BE1C9750-C86F-42FC-A52B-AA751BB04144}.Release|Any CPU.Build.0 = Release|Any CPU
		{2D720AE3-BDF3-49C6-AFCE-B0140CC6A109}.Debug|Any CPU.ActiveCfg = Debug|Any CPU
		{2D720AE3-BDF3-49C6-AFCE-B0140CC6A109}.Debug|Any CPU.Build.0 = Debug|Any CPU
		{2D720AE3-BDF3-49C6-AFCE-B0140CC6A109}.Release|Any CPU.ActiveCfg = Release|Any CPU
		{2D720AE3-BDF3-49C6-AFCE-B0140CC6A109}.Release|Any CPU.Build.0 = Release|Any CPU
		{1170C901-D249-4750-996D-620049280DA5}.Debug|Any CPU.ActiveCfg = Debug|Any CPU
		{1170C901-D249-4750-996D-620049280DA5}.Debug|Any CPU.Build.0 = Debug|Any CPU
		{1170C901-D249-4750-996D-620049280DA5}.Release|Any CPU.ActiveCfg = Release|Any CPU
		{1170C901-D249-4750-996D-620049280DA5}.Release|Any CPU.Build.0 = Release|Any CPU
		{C279FC4C-EDB9-4C6F-B09D-D95E1AD760C6}.Debug|Any CPU.ActiveCfg = Debug|Any CPU
		{C279FC4C-EDB9-4C6F-B09D-D95E1AD760C6}.Debug|Any CPU.Build.0 = Debug|Any CPU
		{C279FC4C-EDB9-4C6F-B09D-D95E1AD760C6}.Release|Any CPU.ActiveCfg = Release|Any CPU
		{C279FC4C-EDB9-4C6F-B09D-D95E1AD760C6}.Release|Any CPU.Build.0 = Release|Any CPU
		{C7843390-462A-4AA2-A136-BBF183848BA8}.Debug|Any CPU.ActiveCfg = Debug|Any CPU
		{C7843390-462A-4AA2-A136-BBF183848BA8}.Debug|Any CPU.Build.0 = Debug|Any CPU
		{C7843390-462A-4AA2-A136-BBF183848BA8}.Release|Any CPU.ActiveCfg = Release|Any CPU
		{C7843390-462A-4AA2-A136-BBF183848BA8}.Release|Any CPU.Build.0 = Release|Any CPU
		{38D73E63-D3B8-4CE3-96ED-D1BEEA952BBC}.Debug|Any CPU.ActiveCfg = Debug|Any CPU
		{38D73E63-D3B8-4CE3-96ED-D1BEEA952BBC}.Debug|Any CPU.Build.0 = Debug|Any CPU
		{38D73E63-D3B8-4CE3-96ED-D1BEEA952BBC}.Release|Any CPU.ActiveCfg = Release|Any CPU
		{38D73E63-D3B8-4CE3-96ED-D1BEEA952BBC}.Release|Any CPU.Build.0 = Release|Any CPU
		{3A0877E7-0C11-4FCD-9C7E-DD91CAA0487D}.Debug|Any CPU.ActiveCfg = Debug|Any CPU
		{3A0877E7-0C11-4FCD-9C7E-DD91CAA0487D}.Debug|Any CPU.Build.0 = Debug|Any CPU
		{3A0877E7-0C11-4FCD-9C7E-DD91CAA0487D}.Release|Any CPU.ActiveCfg = Release|Any CPU
		{3A0877E7-0C11-4FCD-9C7E-DD91CAA0487D}.Release|Any CPU.Build.0 = Release|Any CPU
		{3150B71F-14DE-4C4B-A32E-17A11E12304D}.Debug|Any CPU.ActiveCfg = Debug|Any CPU
		{3150B71F-14DE-4C4B-A32E-17A11E12304D}.Debug|Any CPU.Build.0 = Debug|Any CPU
		{3150B71F-14DE-4C4B-A32E-17A11E12304D}.Release|Any CPU.ActiveCfg = Release|Any CPU
		{3150B71F-14DE-4C4B-A32E-17A11E12304D}.Release|Any CPU.Build.0 = Release|Any CPU
	EndGlobalSection
	GlobalSection(SolutionProperties) = preSolution
		HideSolutionNode = FALSE
	EndGlobalSection
	GlobalSection(ExtensibilityGlobals) = postSolution
		SolutionGuid = {FD4FD884-42A8-417D-B1FE-0697324DBF74}
	EndGlobalSection
EndGlobal
