
Microsoft Visual Studio Solution File, Format Version 12.00
# Visual Studio Version 17
VisualStudioVersion = 17.11.35327.3
MinimumVisualStudioVersion = 10.0.40219.1
Project("{FAE04EC0-301F-11D3-BF4B-00C04F79EFBC}") = "Paqueteria.UI", "Paqueteria.UI\Paqueteria.UI.csproj", "{157C32F2-C247-4EE3-9D5C-2D204C75BBFC}"
EndProject
Project("{FAE04EC0-301F-11D3-BF4B-00C04F79EFBC}") = "Paqueteria.DLL", "Paqueteria.DLL\Paqueteria.DLL.csproj", "{1D310781-F7C9-4965-9F45-A31BF6FDD914}"
EndProject
Project("{FAE04EC0-301F-11D3-BF4B-00C04F79EFBC}") = "Paqueteria.DB", "Paqueteria.DB\Paqueteria.DB.csproj", "{BE1C9750-C86F-42FC-A52B-AA751BB04144}"
EndProject
Project("{FAE04EC0-301F-11D3-BF4B-00C04F79EFBC}") = "Paqueteria.UC", "Paqueteria.UC\Paqueteria.UC.csproj", "{2D720AE3-BDF3-49C6-AFCE-B0140CC6A109}"
EndProject
Global
	GlobalSection(SolutionConfigurationPlatforms) = preSolution
		Debug|Any CPU = Debug|Any CPU
		Release|Any CPU = Release|Any CPU
	EndGlobalSection
	GlobalSection(ProjectConfigurationPlatforms) = postSolution
		{157C32F2-C247-4EE3-9D5C-2D204C75BBFC}.Debug|Any CPU.ActiveCfg = Debug|Any CPU
		{157C32F2-C247-4EE3-9D5C-2D204C75BBFC}.Debug|Any CPU.Build.0 = Debug|Any CPU
		{157C32F2-C247-4EE3-9D5C-2D204C75BBFC}.Release|Any CPU.ActiveCfg = Release|Any CPU
		{157C32F2-C247-4EE3-9D5C-2D204C75BBFC}.Release|Any CPU.Build.0 = Release|Any CPU
		{1D310781-F7C9-4965-9F45-A31BF6FDD914}.Debug|Any CPU.ActiveCfg = Debug|Any CPU
		{1D310781-F7C9-4965-9F45-A31BF6FDD914}.Debug|Any CPU.Build.0 = Debug|Any CPU
		{1D310781-F7C9-4965-9F45-A31BF6FDD914}.Release|Any CPU.ActiveCfg = Release|Any CPU
		{1D310781-F7C9-4965-9F45-A31BF6FDD914}.Release|Any CPU.Build.0 = Release|Any CPU
		{BE1C9750-C86F-42FC-A52B-AA751BB04144}.Debug|Any CPU.ActiveCfg = Debug|Any CPU
		{BE1C9750-C86F-42FC-A52B-AA751BB04144}.Debug|Any CPU.Build.0 = Debug|Any CPU
		{BE1C9750-C86F-42FC-A52B-AA751BB04144}.Release|Any CPU.ActiveCfg = Release|Any CPU
		{BE1C9750-C86F-42FC-A52B-AA751BB04144}.Release|Any CPU.Build.0 = Release|Any CPU
		{2D720AE3-BDF3-49C6-AFCE-B0140CC6A109}.Debug|Any CPU.ActiveCfg = Debug|Any CPU
		{2D720AE3-BDF3-49C6-AFCE-B0140CC6A109}.Debug|Any CPU.Build.0 = Debug|Any CPU
		{2D720AE3-BDF3-49C6-AFCE-B0140CC6A109}.Release|Any CPU.ActiveCfg = Release|Any CPU
		{2D720AE3-BDF3-49C6-AFCE-B0140CC6A109}.Release|Any CPU.Build.0 = Release|Any CPU
	EndGlobalSection
	GlobalSection(SolutionProperties) = preSolution
		HideSolutionNode = FALSE
	EndGlobalSection
	GlobalSection(ExtensibilityGlobals) = postSolution
		SolutionGuid = {FD4FD884-42A8-417D-B1FE-0697324DBF74}
	EndGlobalSection
EndGlobal
